
Microsoft Visual Studio Solution File, Format Version 12.00
# Visual Studio Version 17
VisualStudioVersion = 17.14.36327.8
MinimumVisualStudioVersion = 10.0.40219.1
Project("{FAE04EC0-301F-11D3-BF4B-00C04F79EFBC}") = "Domain", "Domain\Domain.csproj", "{27D92D5E-79C1-4C39-A938-DEE8BA9BCFD0}"
EndProject
Project("{FAE04EC0-301F-11D3-BF4B-00C04F79EFBC}") = "DTOs", "DTOs\DTOs.csproj", "{40018ECE-2B85-4631-AD45-CB8248275FAC}"
EndProject
Project("{FAE04EC0-301F-11D3-BF4B-00C04F79EFBC}") = "Services", "Services\Services.csproj", "{40506E12-8E6B-4E06-8B5B-545AA1E152A5}"
EndProject
Global
	GlobalSection(SolutionConfigurationPlatforms) = preSolution
		Debug|Any CPU = Debug|Any CPU
		Release|Any CPU = Release|Any CPU
	EndGlobalSection
	GlobalSection(ProjectConfigurationPlatforms) = postSolution
		{27D92D5E-79C1-4C39-A938-DEE8BA9BCFD0}.Debug|Any CPU.ActiveCfg = Debug|Any CPU
		{27D92D5E-79C1-4C39-A938-DEE8BA9BCFD0}.Debug|Any CPU.Build.0 = Debug|Any CPU
		{27D92D5E-79C1-4C39-A938-DEE8BA9BCFD0}.Release|Any CPU.ActiveCfg = Release|Any CPU
		{27D92D5E-79C1-4C39-A938-DEE8BA9BCFD0}.Release|Any CPU.Build.0 = Release|Any CPU
		{40018ECE-2B85-4631-AD45-CB8248275FAC}.Debug|Any CPU.ActiveCfg = Debug|Any CPU
		{40018ECE-2B85-4631-AD45-CB8248275FAC}.Debug|Any CPU.Build.0 = Debug|Any CPU
		{40018ECE-2B85-4631-AD45-CB8248275FAC}.Release|Any CPU.ActiveCfg = Release|Any CPU
		{40018ECE-2B85-4631-AD45-CB8248275FAC}.Release|Any CPU.Build.0 = Release|Any CPU
		{40506E12-8E6B-4E06-8B5B-545AA1E152A5}.Debug|Any CPU.ActiveCfg = Debug|Any CPU
		{40506E12-8E6B-4E06-8B5B-545AA1E152A5}.Debug|Any CPU.Build.0 = Debug|Any CPU
		{40506E12-8E6B-4E06-8B5B-545AA1E152A5}.Release|Any CPU.ActiveCfg = Release|Any CPU
		{40506E12-8E6B-4E06-8B5B-545AA1E152A5}.Release|Any CPU.Build.0 = Release|Any CPU
	EndGlobalSection
	GlobalSection(SolutionProperties) = preSolution
		HideSolutionNode = FALSE
	EndGlobalSection
	GlobalSection(ExtensibilityGlobals) = postSolution
		SolutionGuid = {4762B0B8-645F-4019-88F6-EA83A1CABBE3}
	EndGlobalSection
EndGlobal
